// !$*UTF8*$!
{
	archiveVersion = 1;
	classes = {
	};
	objectVersion = 48;
	objects = {

/* Begin PBXBuildFile section */
		9D15BB681FE82265001BDD34 /* College.swift in Sources */ = {isa = PBXBuildFile; fileRef = 9D15BB671FE82265001BDD34 /* College.swift */; };
		9D15BB6A1FE8228D001BDD34 /* MapViewController.swift in Sources */ = {isa = PBXBuildFile; fileRef = 9D15BB691FE8228D001BDD34 /* MapViewController.swift */; };
		9D15BB6C1FE822AF001BDD34 /* DetailsViewController.swift in Sources */ = {isa = PBXBuildFile; fileRef = 9D15BB6B1FE822AF001BDD34 /* DetailsViewController.swift */; };
		9DDA49CA1F9F7F500042E6E7 /* AppDelegate.swift in Sources */ = {isa = PBXBuildFile; fileRef = 9DDA49C91F9F7F500042E6E7 /* AppDelegate.swift */; };
		9DDA49CC1F9F7F500042E6E7 /* ViewController.swift in Sources */ = {isa = PBXBuildFile; fileRef = 9DDA49CB1F9F7F500042E6E7 /* ViewController.swift */; };
		9DDA49CF1F9F7F500042E6E7 /* Main.storyboard in Resources */ = {isa = PBXBuildFile; fileRef = 9DDA49CD1F9F7F500042E6E7 /* Main.storyboard */; };
		9DDA49D11F9F7F500042E6E7 /* Assets.xcassets in Resources */ = {isa = PBXBuildFile; fileRef = 9DDA49D01F9F7F500042E6E7 /* Assets.xcassets */; };
		9DDA49D41F9F7F500042E6E7 /* LaunchScreen.storyboard in Resources */ = {isa = PBXBuildFile; fileRef = 9DDA49D21F9F7F500042E6E7 /* LaunchScreen.storyboard */; };
		9DDA49DE1F9F7F670042E6E7 /* CloudKit.framework in Frameworks */ = {isa = PBXBuildFile; fileRef = 9DDA49DD1F9F7F670042E6E7 /* CloudKit.framework */; };
/* End PBXBuildFile section */

/* Begin PBXFileReference section */
		9D15BB671FE82265001BDD34 /* College.swift */ = {isa = PBXFileReference; lastKnownFileType = sourcecode.swift; path = College.swift; sourceTree = "<group>"; };
		9D15BB691FE8228D001BDD34 /* MapViewController.swift */ = {isa = PBXFileReference; lastKnownFileType = sourcecode.swift; path = MapViewController.swift; sourceTree = "<group>"; };
		9D15BB6B1FE822AF001BDD34 /* DetailsViewController.swift */ = {isa = PBXFileReference; lastKnownFileType = sourcecode.swift; path = DetailsViewController.swift; sourceTree = "<group>"; };
		9DDA49C61F9F7F500042E6E7 /* Cloud Kit CPB.app */ = {isa = PBXFileReference; explicitFileType = wrapper.application; includeInIndex = 0; path = "Cloud Kit CPB.app"; sourceTree = BUILT_PRODUCTS_DIR; };
		9DDA49C91F9F7F500042E6E7 /* AppDelegate.swift */ = {isa = PBXFileReference; lastKnownFileType = sourcecode.swift; path = AppDelegate.swift; sourceTree = "<group>"; };
		9DDA49CB1F9F7F500042E6E7 /* ViewController.swift */ = {isa = PBXFileReference; lastKnownFileType = sourcecode.swift; path = ViewController.swift; sourceTree = "<group>"; };
		9DDA49CE1F9F7F500042E6E7 /* Base */ = {isa = PBXFileReference; lastKnownFileType = file.storyboard; name = Base; path = Base.lproj/Main.storyboard; sourceTree = "<group>"; };
		9DDA49D01F9F7F500042E6E7 /* Assets.xcassets */ = {isa = PBXFileReference; lastKnownFileType = folder.assetcatalog; path = Assets.xcassets; sourceTree = "<group>"; };
		9DDA49D31F9F7F500042E6E7 /* Base */ = {isa = PBXFileReference; lastKnownFileType = file.storyboard; name = Base; path = Base.lproj/LaunchScreen.storyboard; sourceTree = "<group>"; };
		9DDA49D51F9F7F500042E6E7 /* Info.plist */ = {isa = PBXFileReference; lastKnownFileType = text.plist.xml; path = Info.plist; sourceTree = "<group>"; };
		9DDA49DB1F9F7F640042E6E7 /* Cloud Kit CPB.entitlements */ = {isa = PBXFileReference; lastKnownFileType = text.plist.entitlements; path = "Cloud Kit CPB.entitlements"; sourceTree = "<group>"; };
		9DDA49DD1F9F7F670042E6E7 /* CloudKit.framework */ = {isa = PBXFileReference; lastKnownFileType = wrapper.framework; name = CloudKit.framework; path = System/Library/Frameworks/CloudKit.framework; sourceTree = SDKROOT; };
/* End PBXFileReference section */

/* Begin PBXFrameworksBuildPhase section */
		9DDA49C31F9F7F500042E6E7 /* Frameworks */ = {
			isa = PBXFrameworksBuildPhase;
			buildActionMask = 2147483647;
			files = (
				9DDA49DE1F9F7F670042E6E7 /* CloudKit.framework in Frameworks */,
			);
			runOnlyForDeploymentPostprocessing = 0;
		};
/* End PBXFrameworksBuildPhase section */

/* Begin PBXGroup section */
		9DDA49BD1F9F7F500042E6E7 = {
			isa = PBXGroup;
			children = (
				9DDA49C81F9F7F500042E6E7 /* Cloud Kit CPB */,
				9DDA49C71F9F7F500042E6E7 /* Products */,
				9DDA49DC1F9F7F670042E6E7 /* Frameworks */,
			);
			sourceTree = "<group>";
		};
		9DDA49C71F9F7F500042E6E7 /* Products */ = {
			isa = PBXGroup;
			children = (
				9DDA49C61F9F7F500042E6E7 /* Cloud Kit CPB.app */,
			);
			name = Products;
			sourceTree = "<group>";
		};
		9DDA49C81F9F7F500042E6E7 /* Cloud Kit CPB */ = {
			isa = PBXGroup;
			children = (
				9DDA49DB1F9F7F640042E6E7 /* Cloud Kit CPB.entitlements */,
				9DDA49C91F9F7F500042E6E7 /* AppDelegate.swift */,
				9DDA49CB1F9F7F500042E6E7 /* ViewController.swift */,
				9D15BB671FE82265001BDD34 /* College.swift */,
				9D15BB691FE8228D001BDD34 /* MapViewController.swift */,
				9D15BB6B1FE822AF001BDD34 /* DetailsViewController.swift */,
				9DDA49CD1F9F7F500042E6E7 /* Main.storyboard */,
				9DDA49D21F9F7F500042E6E7 /* LaunchScreen.storyboard */,
				9DDA49D01F9F7F500042E6E7 /* Assets.xcassets */,
				9DDA49D51F9F7F500042E6E7 /* Info.plist */,
			);
			path = "Cloud Kit CPB";
			sourceTree = "<group>";
		};
		9DDA49DC1F9F7F670042E6E7 /* Frameworks */ = {
			isa = PBXGroup;
			children = (
				9DDA49DD1F9F7F670042E6E7 /* CloudKit.framework */,
			);
			name = Frameworks;
			sourceTree = "<group>";
		};
/* End PBXGroup section */

/* Begin PBXNativeTarget section */
		9DDA49C51F9F7F500042E6E7 /* Cloud Kit CPB */ = {
			isa = PBXNativeTarget;
			buildConfigurationList = 9DDA49D81F9F7F500042E6E7 /* Build configuration list for PBXNativeTarget "Cloud Kit CPB" */;
			buildPhases = (
				9DDA49C21F9F7F500042E6E7 /* Sources */,
				9DDA49C31F9F7F500042E6E7 /* Frameworks */,
				9DDA49C41F9F7F500042E6E7 /* Resources */,
			);
			buildRules = (
			);
			dependencies = (
			);
			name = "Cloud Kit CPB";
			productName = "Cloud Kit CPB";
			productReference = 9DDA49C61F9F7F500042E6E7 /* Cloud Kit CPB.app */;
			productType = "com.apple.product-type.application";
		};
/* End PBXNativeTarget section */

/* Begin PBXProject section */
		9DDA49BE1F9F7F500042E6E7 /* Project object */ = {
			isa = PBXProject;
			attributes = {
				LastSwiftUpdateCheck = 0900;
				LastUpgradeCheck = 0900;
				ORGANIZATIONNAME = "Olivia Marunde";
				TargetAttributes = {
					9DDA49C51F9F7F500042E6E7 = {
						CreatedOnToolsVersion = 9.0;
						ProvisioningStyle = Automatic;
						SystemCapabilities = {
							com.apple.Push = {
								enabled = 1;
							};
							com.apple.iCloud = {
								enabled = 1;
							};
						};
					};
				};
			};
			buildConfigurationList = 9DDA49C11F9F7F500042E6E7 /* Build configuration list for PBXProject "Cloud Kit CPB" */;
			compatibilityVersion = "Xcode 8.0";
			developmentRegion = en;
			hasScannedForEncodings = 0;
			knownRegions = (
				en,
				Base,
			);
			mainGroup = 9DDA49BD1F9F7F500042E6E7;
			productRefGroup = 9DDA49C71F9F7F500042E6E7 /* Products */;
			projectDirPath = "";
			projectRoot = "";
			targets = (
				9DDA49C51F9F7F500042E6E7 /* Cloud Kit CPB */,
			);
		};
/* End PBXProject section */

/* Begin PBXResourcesBuildPhase section */
		9DDA49C41F9F7F500042E6E7 /* Resources */ = {
			isa = PBXResourcesBuildPhase;
			buildActionMask = 2147483647;
			files = (
				9DDA49D41F9F7F500042E6E7 /* LaunchScreen.storyboard in Resources */,
				9DDA49D11F9F7F500042E6E7 /* Assets.xcassets in Resources */,
				9DDA49CF1F9F7F500042E6E7 /* Main.storyboard in Resources */,
			);
			runOnlyForDeploymentPostprocessing = 0;
		};
/* End PBXResourcesBuildPhase section */

/* Begin PBXSourcesBuildPhase section */
		9DDA49C21F9F7F500042E6E7 /* Sources */ = {
			isa = PBXSourcesBuildPhase;
			buildActionMask = 2147483647;
			files = (
				9DDA49CC1F9F7F500042E6E7 /* ViewController.swift in Sources */,
				9DDA49CA1F9F7F500042E6E7 /* AppDelegate.swift in Sources */,
				9D15BB681FE82265001BDD34 /* College.swift in Sources */,
				9D15BB6A1FE8228D001BDD34 /* MapViewController.swift in Sources */,
				9D15BB6C1FE822AF001BDD34 /* DetailsViewController.swift in Sources */,
			);
			runOnlyForDeploymentPostprocessing = 0;
		};
/* End PBXSourcesBuildPhase section */

/* Begin PBXVariantGroup section */
		9DDA49CD1F9F7F500042E6E7 /* Main.storyboard */ = {
			isa = PBXVariantGroup;
			children = (
				9DDA49CE1F9F7F500042E6E7 /* Base */,
			);
			name = Main.storyboard;
			sourceTree = "<group>";
		};
		9DDA49D21F9F7F500042E6E7 /* LaunchScreen.storyboard */ = {
			isa = PBXVariantGroup;
			children = (
				9DDA49D31F9F7F500042E6E7 /* Base */,
			);
			name = LaunchScreen.storyboard;
			sourceTree = "<group>";
		};
/* End PBXVariantGroup section */

/* Begin XCBuildConfiguration section */
		9DDA49D61F9F7F500042E6E7 /* Debug */ = {
			isa = XCBuildConfiguration;
			buildSettings = {
				ALWAYS_SEARCH_USER_PATHS = NO;
				CLANG_ANALYZER_NONNULL = YES;
				CLANG_ANALYZER_NUMBER_OBJECT_CONVERSION = YES_AGGRESSIVE;
				CLANG_CXX_LANGUAGE_STANDARD = "gnu++14";
				CLANG_CXX_LIBRARY = "libc++";
				CLANG_ENABLE_MODULES = YES;
				CLANG_ENABLE_OBJC_ARC = YES;
				CLANG_WARN_BLOCK_CAPTURE_AUTORELEASING = YES;
				CLANG_WARN_BOOL_CONVERSION = YES;
				CLANG_WARN_COMMA = YES;
				CLANG_WARN_CONSTANT_CONVERSION = YES;
				CLANG_WARN_DIRECT_OBJC_ISA_USAGE = YES_ERROR;
				CLANG_WARN_DOCUMENTATION_COMMENTS = YES;
				CLANG_WARN_EMPTY_BODY = YES;
				CLANG_WARN_ENUM_CONVERSION = YES;
				CLANG_WARN_INFINITE_RECURSION = YES;
				CLANG_WARN_INT_CONVERSION = YES;
				CLANG_WARN_NON_LITERAL_NULL_CONVERSION = YES;
				CLANG_WARN_OBJC_LITERAL_CONVERSION = YES;
				CLANG_WARN_OBJC_ROOT_CLASS = YES_ERROR;
				CLANG_WARN_RANGE_LOOP_ANALYSIS = YES;
				CLANG_WARN_STRICT_PROTOTYPES = YES;
				CLANG_WARN_SUSPICIOUS_MOVE = YES;
				CLANG_WARN_UNGUARDED_AVAILABILITY = YES_AGGRESSIVE;
				CLANG_WARN_UNREACHABLE_CODE = YES;
				CLANG_WARN__DUPLICATE_METHOD_MATCH = YES;
				CODE_SIGN_IDENTITY = "iPhone Developer";
				COPY_PHASE_STRIP = NO;
				DEBUG_INFORMATION_FORMAT = dwarf;
				ENABLE_STRICT_OBJC_MSGSEND = YES;
				ENABLE_TESTABILITY = YES;
				GCC_C_LANGUAGE_STANDARD = gnu11;
				GCC_DYNAMIC_NO_PIC = NO;
				GCC_NO_COMMON_BLOCKS = YES;
				GCC_OPTIMIZATION_LEVEL = 0;
				GCC_PREPROCESSOR_DEFINITIONS = (
					"DEBUG=1",
					"$(inherited)",
				);
				GCC_WARN_64_TO_32_BIT_CONVERSION = YES;
				GCC_WARN_ABOUT_RETURN_TYPE = YES_ERROR;
				GCC_WARN_UNDECLARED_SELECTOR = YES;
				GCC_WARN_UNINITIALIZED_AUTOS = YES_AGGRESSIVE;
				GCC_WARN_UNUSED_FUNCTION = YES;
				GCC_WARN_UNUSED_VARIABLE = YES;
				IPHONEOS_DEPLOYMENT_TARGET = 11.0;
				MTL_ENABLE_DEBUG_INFO = YES;
				ONLY_ACTIVE_ARCH = YES;
				SDKROOT = iphoneos;
				SWIFT_ACTIVE_COMPILATION_CONDITIONS = DEBUG;
				SWIFT_OPTIMIZATION_LEVEL = "-Onone";
			};
			name = Debug;
		};
		9DDA49D71F9F7F500042E6E7 /* Release */ = {
			isa = XCBuildConfiguration;
			buildSettings = {
				ALWAYS_SEARCH_USER_PATHS = NO;
				CLANG_ANALYZER_NONNULL = YES;
				CLANG_ANALYZER_NUMBER_OBJECT_CONVERSION = YES_AGGRESSIVE;
				CLANG_CXX_LANGUAGE_STANDARD = "gnu++14";
				CLANG_CXX_LIBRARY = "libc++";
				CLANG_ENABLE_MODULES = YES;
				CLANG_ENABLE_OBJC_ARC = YES;
				CLANG_WARN_BLOCK_CAPTURE_AUTORELEASING = YES;
				CLANG_WARN_BOOL_CONVERSION = YES;
				CLANG_WARN_COMMA = YES;
				CLANG_WARN_CONSTANT_CONVERSION = YES;
				CLANG_WARN_DIRECT_OBJC_ISA_USAGE = YES_ERROR;
				CLANG_WARN_DOCUMENTATION_COMMENTS = YES;
				CLANG_WARN_EMPTY_BODY = YES;
				CLANG_WARN_ENUM_CONVERSION = YES;
				CLANG_WARN_INFINITE_RECURSION = YES;
				CLANG_WARN_INT_CONVERSION = YES;
				CLANG_WARN_NON_LITERAL_NULL_CONVERSION = YES;
				CLANG_WARN_OBJC_LITERAL_CONVERSION = YES;
				CLANG_WARN_OBJC_ROOT_CLASS = YES_ERROR;
				CLANG_WARN_RANGE_LOOP_ANALYSIS = YES;
				CLANG_WARN_STRICT_PROTOTYPES = YES;
				CLANG_WARN_SUSPICIOUS_MOVE = YES;
				CLANG_WARN_UNGUARDED_AVAILABILITY = YES_AGGRESSIVE;
				CLANG_WARN_UNREACHABLE_CODE = YES;
				CLANG_WARN__DUPLICATE_METHOD_MATCH = YES;
				CODE_SIGN_IDENTITY = "iPhone Developer";
				COPY_PHASE_STRIP = NO;
				DEBUG_INFORMATION_FORMAT = "dwarf-with-dsym";
				ENABLE_NS_ASSERTIONS = NO;
				ENABLE_STRICT_OBJC_MSGSEND = YES;
				GCC_C_LANGUAGE_STANDARD = gnu11;
				GCC_NO_COMMON_BLOCKS = YES;
				GCC_WARN_64_TO_32_BIT_CONVERSION = YES;
				GCC_WARN_ABOUT_RETURN_TYPE = YES_ERROR;
				GCC_WARN_UNDECLARED_SELECTOR = YES;
				GCC_WARN_UNINITIALIZED_AUTOS = YES_AGGRESSIVE;
				GCC_WARN_UNUSED_FUNCTION = YES;
				GCC_WARN_UNUSED_VARIABLE = YES;
				IPHONEOS_DEPLOYMENT_TARGET = 11.0;
				MTL_ENABLE_DEBUG_INFO = NO;
				SDKROOT = iphoneos;
				SWIFT_OPTIMIZATION_LEVEL = "-Owholemodule";
				VALIDATE_PRODUCT = YES;
			};
			name = Release;
		};
		9DDA49D91F9F7F500042E6E7 /* Debug */ = {
			isa = XCBuildConfiguration;
			buildSettings = {
				ASSETCATALOG_COMPILER_APPICON_NAME = AppIcon;
				CODE_SIGN_ENTITLEMENTS = "Cloud Kit CPB/Cloud Kit CPB.entitlements";
				CODE_SIGN_STYLE = Automatic;
				DEVELOPMENT_TEAM = BWYT76Q3DS;
				INFOPLIST_FILE = "Cloud Kit CPB/Info.plist";
				LD_RUNPATH_SEARCH_PATHS = "$(inherited) @executable_path/Frameworks";
				PRODUCT_BUNDLE_IDENTIFIER = "org.jhhs.618029.Cloud-Kit-CPB";
				PRODUCT_NAME = "$(TARGET_NAME)";
				SWIFT_VERSION = 4.0;
				TARGETED_DEVICE_FAMILY = "1,2";
			};
			name = Debug;
		};
		9DDA49DA1F9F7F500042E6E7 /* Release */ = {
			isa = XCBuildConfiguration;
			buildSettings = {
				ASSETCATALOG_COMPILER_APPICON_NAME = AppIcon;
				CODE_SIGN_ENTITLEMENTS = "Cloud Kit CPB/Cloud Kit CPB.entitlements";
				CODE_SIGN_STYLE = Automatic;
				DEVELOPMENT_TEAM = BWYT76Q3DS;
				INFOPLIST_FILE = "Cloud Kit CPB/Info.plist";
				LD_RUNPATH_SEARCH_PATHS = "$(inherited) @executable_path/Frameworks";
				PRODUCT_BUNDLE_IDENTIFIER = "org.jhhs.618029.Cloud-Kit-CPB";
				PRODUCT_NAME = "$(TARGET_NAME)";
				SWIFT_VERSION = 4.0;
				TARGETED_DEVICE_FAMILY = "1,2";
			};
			name = Release;
		};
/* End XCBuildConfiguration section */

/* Begin XCConfigurationList section */
		9DDA49C11F9F7F500042E6E7 /* Build configuration list for PBXProject "Cloud Kit CPB" */ = {
			isa = XCConfigurationList;
			buildConfigurations = (
				9DDA49D61F9F7F500042E6E7 /* Debug */,
				9DDA49D71F9F7F500042E6E7 /* Release */,
			);
			defaultConfigurationIsVisible = 0;
			defaultConfigurationName = Release;
		};
		9DDA49D81F9F7F500042E6E7 /* Build configuration list for PBXNativeTarget "Cloud Kit CPB" */ = {
			isa = XCConfigurationList;
			buildConfigurations = (
				9DDA49D91F9F7F500042E6E7 /* Debug */,
				9DDA49DA1F9F7F500042E6E7 /* Release */,
			);
			defaultConfigurationIsVisible = 0;
			defaultConfigurationName = Release;
		};
/* End XCConfigurationList section */
	};
	rootObject = 9DDA49BE1F9F7F500042E6E7 /* Project object */;
}
